
Microsoft Visual Studio Solution File, Format Version 12.00
# Visual Studio Version 16
VisualStudioVersion = 16.0.29020.237
MinimumVisualStudioVersion = 10.0.40219.1
Project("{FAE04EC0-301F-11D3-BF4B-00C04F79EFBC}") = "Aula122_Exercicio", "Aula122_Exercicio.csproj", "{4FA18D27-3FF4-4B59-8187-9C4AAFD7DC2A}"
EndProject
Global
	GlobalSection(SolutionConfigurationPlatforms) = preSolution
		Debug|Any CPU = Debug|Any CPU
		Release|Any CPU = Release|Any CPU
	EndGlobalSection
	GlobalSection(ProjectConfigurationPlatforms) = postSolution
		{4FA18D27-3FF4-4B59-8187-9C4AAFD7DC2A}.Debug|Any CPU.ActiveCfg = Debug|Any CPU
		{4FA18D27-3FF4-4B59-8187-9C4AAFD7DC2A}.Debug|Any CPU.Build.0 = Debug|Any CPU
		{4FA18D27-3FF4-4B59-8187-9C4AAFD7DC2A}.Release|Any CPU.ActiveCfg = Release|Any CPU
		{4FA18D27-3FF4-4B59-8187-9C4AAFD7DC2A}.Release|Any CPU.Build.0 = Release|Any CPU
	EndGlobalSection
	GlobalSection(SolutionProperties) = preSolution
		HideSolutionNode = FALSE
	EndGlobalSection
	GlobalSection(ExtensibilityGlobals) = postSolution
		SolutionGuid = {6B29AED2-28FE-472B-AB29-87F1A0027129}
	EndGlobalSection
EndGlobal
